// !$*UTF8*$!
{
	archiveVersion = 1;
	classes = {
	};
	objectVersion = 50;
	objects = {

/* Begin PBXBuildFile section */
		9A85E4AD236A771D00357D07 /* AppDelegate.swift in Sources */ = {isa = PBXBuildFile; fileRef = 9A85E4AC236A771D00357D07 /* AppDelegate.swift */; };
		9A85E4AF236A771D00357D07 /* SceneDelegate.swift in Sources */ = {isa = PBXBuildFile; fileRef = 9A85E4AE236A771D00357D07 /* SceneDelegate.swift */; };
		9A85E4B1236A771D00357D07 /* ViewController.swift in Sources */ = {isa = PBXBuildFile; fileRef = 9A85E4B0236A771D00357D07 /* ViewController.swift */; };
		9A85E4B4236A771D00357D07 /* Main.storyboard in Resources */ = {isa = PBXBuildFile; fileRef = 9A85E4B2236A771D00357D07 /* Main.storyboard */; };
		9A85E4B7236A771D00357D07 /* Conversion_Calculator.xcdatamodeld in Sources */ = {isa = PBXBuildFile; fileRef = 9A85E4B5236A771D00357D07 /* Conversion_Calculator.xcdatamodeld */; };
		9A85E4B9236A772200357D07 /* Assets.xcassets in Resources */ = {isa = PBXBuildFile; fileRef = 9A85E4B8236A772200357D07 /* Assets.xcassets */; };
		9A85E4BC236A772200357D07 /* LaunchScreen.storyboard in Resources */ = {isa = PBXBuildFile; fileRef = 9A85E4BA236A772200357D07 /* LaunchScreen.storyboard */; };
		9A85E4C7236A772200357D07 /* Conversion_CalculatorUITests.swift in Sources */ = {isa = PBXBuildFile; fileRef = 9A85E4C6236A772200357D07 /* Conversion_CalculatorUITests.swift */; };
/* End PBXBuildFile section */

/* Begin PBXContainerItemProxy section */
		9A85E4C3236A772200357D07 /* PBXContainerItemProxy */ = {
			isa = PBXContainerItemProxy;
			containerPortal = 9A85E4A1236A771D00357D07 /* Project object */;
			proxyType = 1;
			remoteGlobalIDString = 9A85E4A8236A771D00357D07;
			remoteInfo = "Conversion Calculator";
		};
/* End PBXContainerItemProxy section */

/* Begin PBXFileReference section */
		9A85E4A9236A771D00357D07 /* Conversion Calculator.app */ = {isa = PBXFileReference; explicitFileType = wrapper.application; includeInIndex = 0; path = "Conversion Calculator.app"; sourceTree = BUILT_PRODUCTS_DIR; };
		9A85E4AC236A771D00357D07 /* AppDelegate.swift */ = {isa = PBXFileReference; lastKnownFileType = sourcecode.swift; path = AppDelegate.swift; sourceTree = "<group>"; };
		9A85E4AE236A771D00357D07 /* SceneDelegate.swift */ = {isa = PBXFileReference; lastKnownFileType = sourcecode.swift; path = SceneDelegate.swift; sourceTree = "<group>"; };
		9A85E4B0236A771D00357D07 /* ViewController.swift */ = {isa = PBXFileReference; lastKnownFileType = sourcecode.swift; path = ViewController.swift; sourceTree = "<group>"; };
		9A85E4B3236A771D00357D07 /* Base */ = {isa = PBXFileReference; lastKnownFileType = file.storyboard; name = Base; path = Base.lproj/Main.storyboard; sourceTree = "<group>"; };
		9A85E4B6236A771D00357D07 /* Conversion_Calculator.xcdatamodel */ = {isa = PBXFileReference; lastKnownFileType = wrapper.xcdatamodel; path = Conversion_Calculator.xcdatamodel; sourceTree = "<group>"; };
		9A85E4B8236A772200357D07 /* Assets.xcassets */ = {isa = PBXFileReference; lastKnownFileType = folder.assetcatalog; path = Assets.xcassets; sourceTree = "<group>"; };
		9A85E4BB236A772200357D07 /* Base */ = {isa = PBXFileReference; lastKnownFileType = file.storyboard; name = Base; path = Base.lproj/LaunchScreen.storyboard; sourceTree = "<group>"; };
		9A85E4BD236A772200357D07 /* Info.plist */ = {isa = PBXFileReference; lastKnownFileType = text.plist.xml; path = Info.plist; sourceTree = "<group>"; };
		9A85E4C2236A772200357D07 /* Conversion CalculatorUITests.xctest */ = {isa = PBXFileReference; explicitFileType = wrapper.cfbundle; includeInIndex = 0; path = "Conversion CalculatorUITests.xctest"; sourceTree = BUILT_PRODUCTS_DIR; };
		9A85E4C6236A772200357D07 /* Conversion_CalculatorUITests.swift */ = {isa = PBXFileReference; lastKnownFileType = sourcecode.swift; path = Conversion_CalculatorUITests.swift; sourceTree = "<group>"; };
		9A85E4C8236A772200357D07 /* Info.plist */ = {isa = PBXFileReference; lastKnownFileType = text.plist.xml; path = Info.plist; sourceTree = "<group>"; };
/* End PBXFileReference section */

/* Begin PBXFrameworksBuildPhase section */
		9A85E4A6236A771D00357D07 /* Frameworks */ = {
			isa = PBXFrameworksBuildPhase;
			buildActionMask = 2147483647;
			files = (
			);
			runOnlyForDeploymentPostprocessing = 0;
		};
		9A85E4BF236A772200357D07 /* Frameworks */ = {
			isa = PBXFrameworksBuildPhase;
			buildActionMask = 2147483647;
			files = (
			);
			runOnlyForDeploymentPostprocessing = 0;
		};
/* End PBXFrameworksBuildPhase section */

/* Begin PBXGroup section */
		9A85E4A0236A771D00357D07 = {
			isa = PBXGroup;
			children = (
				9A85E4AB236A771D00357D07 /* Conversion Calculator */,
				9A85E4C5236A772200357D07 /* Conversion CalculatorUITests */,
				9A85E4AA236A771D00357D07 /* Products */,
			);
			sourceTree = "<group>";
		};
		9A85E4AA236A771D00357D07 /* Products */ = {
			isa = PBXGroup;
			children = (
				9A85E4A9236A771D00357D07 /* Conversion Calculator.app */,
				9A85E4C2236A772200357D07 /* Conversion CalculatorUITests.xctest */,
			);
			name = Products;
			sourceTree = "<group>";
		};
		9A85E4AB236A771D00357D07 /* Conversion Calculator */ = {
			isa = PBXGroup;
			children = (
				9A85E4AC236A771D00357D07 /* AppDelegate.swift */,
				9A85E4AE236A771D00357D07 /* SceneDelegate.swift */,
				9A85E4B0236A771D00357D07 /* ViewController.swift */,
				9A85E4B2236A771D00357D07 /* Main.storyboard */,
				9A85E4B8236A772200357D07 /* Assets.xcassets */,
				9A85E4BA236A772200357D07 /* LaunchScreen.storyboard */,
				9A85E4BD236A772200357D07 /* Info.plist */,
				9A85E4B5236A771D00357D07 /* Conversion_Calculator.xcdatamodeld */,
			);
			path = "Conversion Calculator";
			sourceTree = "<group>";
		};
		9A85E4C5236A772200357D07 /* Conversion CalculatorUITests */ = {
			isa = PBXGroup;
			children = (
				9A85E4C6236A772200357D07 /* Conversion_CalculatorUITests.swift */,
				9A85E4C8236A772200357D07 /* Info.plist */,
			);
			path = "Conversion CalculatorUITests";
			sourceTree = "<group>";
		};
/* End PBXGroup section */

/* Begin PBXNativeTarget section */
		9A85E4A8236A771D00357D07 /* Conversion Calculator */ = {
			isa = PBXNativeTarget;
			buildConfigurationList = 9A85E4CB236A772200357D07 /* Build configuration list for PBXNativeTarget "Conversion Calculator" */;
			buildPhases = (
				9A85E4A5236A771D00357D07 /* Sources */,
				9A85E4A6236A771D00357D07 /* Frameworks */,
				9A85E4A7236A771D00357D07 /* Resources */,
			);
			buildRules = (
			);
			dependencies = (
			);
			name = "Conversion Calculator";
			productName = "Conversion Calculator";
			productReference = 9A85E4A9236A771D00357D07 /* Conversion Calculator.app */;
			productType = "com.apple.product-type.application";
		};
		9A85E4C1236A772200357D07 /* Conversion CalculatorUITests */ = {
			isa = PBXNativeTarget;
			buildConfigurationList = 9A85E4CE236A772200357D07 /* Build configuration list for PBXNativeTarget "Conversion CalculatorUITests" */;
			buildPhases = (
				9A85E4BE236A772200357D07 /* Sources */,
				9A85E4BF236A772200357D07 /* Frameworks */,
				9A85E4C0236A772200357D07 /* Resources */,
			);
			buildRules = (
			);
			dependencies = (
				9A85E4C4236A772200357D07 /* PBXTargetDependency */,
			);
			name = "Conversion CalculatorUITests";
			productName = "Conversion CalculatorUITests";
			productReference = 9A85E4C2236A772200357D07 /* Conversion CalculatorUITests.xctest */;
			productType = "com.apple.product-type.bundle.ui-testing";
		};
/* End PBXNativeTarget section */

/* Begin PBXProject section */
		9A85E4A1236A771D00357D07 /* Project object */ = {
			isa = PBXProject;
			attributes = {
				LastSwiftUpdateCheck = 1110;
				LastUpgradeCheck = 1110;
				ORGANIZATIONNAME = "Grant Harrison";
				TargetAttributes = {
					9A85E4A8236A771D00357D07 = {
						CreatedOnToolsVersion = 11.1;
					};
					9A85E4C1236A772200357D07 = {
						CreatedOnToolsVersion = 11.1;
						TestTargetID = 9A85E4A8236A771D00357D07;
					};
				};
			};
			buildConfigurationList = 9A85E4A4236A771D00357D07 /* Build configuration list for PBXProject "Conversion Calculator" */;
			compatibilityVersion = "Xcode 9.3";
			developmentRegion = en;
			hasScannedForEncodings = 0;
			knownRegions = (
				en,
				Base,
			);
			mainGroup = 9A85E4A0236A771D00357D07;
			productRefGroup = 9A85E4AA236A771D00357D07 /* Products */;
			projectDirPath = "";
			projectRoot = "";
			targets = (
				9A85E4A8236A771D00357D07 /* Conversion Calculator */,
				9A85E4C1236A772200357D07 /* Conversion CalculatorUITests */,
			);
		};
/* End PBXProject section */

/* Begin PBXResourcesBuildPhase section */
		9A85E4A7236A771D00357D07 /* Resources */ = {
			isa = PBXResourcesBuildPhase;
			buildActionMask = 2147483647;
			files = (
				9A85E4BC236A772200357D07 /* LaunchScreen.storyboard in Resources */,
				9A85E4B9236A772200357D07 /* Assets.xcassets in Resources */,
				9A85E4B4236A771D00357D07 /* Main.storyboard in Resources */,
			);
			runOnlyForDeploymentPostprocessing = 0;
		};
		9A85E4C0236A772200357D07 /* Resources */ = {
			isa = PBXResourcesBuildPhase;
			buildActionMask = 2147483647;
			files = (
			);
			runOnlyForDeploymentPostprocessing = 0;
		};
/* End PBXResourcesBuildPhase section */

/* Begin PBXSourcesBuildPhase section */
		9A85E4A5236A771D00357D07 /* Sources */ = {
			isa = PBXSourcesBuildPhase;
			buildActionMask = 2147483647;
			files = (
				9A85E4B1236A771D00357D07 /* ViewController.swift in Sources */,
				9A85E4B7236A771D00357D07 /* Conversion_Calculator.xcdatamodeld in Sources */,
				9A85E4AD236A771D00357D07 /* AppDelegate.swift in Sources */,
				9A85E4AF236A771D00357D07 /* SceneDelegate.swift in Sources */,
			);
			runOnlyForDeploymentPostprocessing = 0;
		};
		9A85E4BE236A772200357D07 /* Sources */ = {
			isa = PBXSourcesBuildPhase;
			buildActionMask = 2147483647;
			files = (
				9A85E4C7236A772200357D07 /* Conversion_CalculatorUITests.swift in Sources */,
			);
			runOnlyForDeploymentPostprocessing = 0;
		};
/* End PBXSourcesBuildPhase section */

/* Begin PBXTargetDependency section */
		9A85E4C4236A772200357D07 /* PBXTargetDependency */ = {
			isa = PBXTargetDependency;
			target = 9A85E4A8236A771D00357D07 /* Conversion Calculator */;
			targetProxy = 9A85E4C3236A772200357D07 /* PBXContainerItemProxy */;
		};
/* End PBXTargetDependency section */

/* Begin PBXVariantGroup section */
		9A85E4B2236A771D00357D07 /* Main.storyboard */ = {
			isa = PBXVariantGroup;
			children = (
				9A85E4B3236A771D00357D07 /* Base */,
			);
			name = Main.storyboard;
			sourceTree = "<group>";
		};
		9A85E4BA236A772200357D07 /* LaunchScreen.storyboard */ = {
			isa = PBXVariantGroup;
			children = (
				9A85E4BB236A772200357D07 /* Base */,
			);
			name = LaunchScreen.storyboard;
			sourceTree = "<group>";
		};
/* End PBXVariantGroup section */

/* Begin XCBuildConfiguration section */
		9A85E4C9236A772200357D07 /* Debug */ = {
			isa = XCBuildConfiguration;
			buildSettings = {
				ALWAYS_SEARCH_USER_PATHS = NO;
				CLANG_ANALYZER_NONNULL = YES;
				CLANG_ANALYZER_NUMBER_OBJECT_CONVERSION = YES_AGGRESSIVE;
				CLANG_CXX_LANGUAGE_STANDARD = "gnu++14";
				CLANG_CXX_LIBRARY = "libc++";
				CLANG_ENABLE_MODULES = YES;
				CLANG_ENABLE_OBJC_ARC = YES;
				CLANG_ENABLE_OBJC_WEAK = YES;
				CLANG_WARN_BLOCK_CAPTURE_AUTORELEASING = YES;
				CLANG_WARN_BOOL_CONVERSION = YES;
				CLANG_WARN_COMMA = YES;
				CLANG_WARN_CONSTANT_CONVERSION = YES;
				CLANG_WARN_DEPRECATED_OBJC_IMPLEMENTATIONS = YES;
				CLANG_WARN_DIRECT_OBJC_ISA_USAGE = YES_ERROR;
				CLANG_WARN_DOCUMENTATION_COMMENTS = YES;
				CLANG_WARN_EMPTY_BODY = YES;
				CLANG_WARN_ENUM_CONVERSION = YES;
				CLANG_WARN_INFINITE_RECURSION = YES;
				CLANG_WARN_INT_CONVERSION = YES;
				CLANG_WARN_NON_LITERAL_NULL_CONVERSION = YES;
				CLANG_WARN_OBJC_IMPLICIT_RETAIN_SELF = YES;
				CLANG_WARN_OBJC_LITERAL_CONVERSION = YES;
				CLANG_WARN_OBJC_ROOT_CLASS = YES_ERROR;
				CLANG_WARN_RANGE_LOOP_ANALYSIS = YES;
				CLANG_WARN_STRICT_PROTOTYPES = YES;
				CLANG_WARN_SUSPICIOUS_MOVE = YES;
				CLANG_WARN_UNGUARDED_AVAILABILITY = YES_AGGRESSIVE;
				CLANG_WARN_UNREACHABLE_CODE = YES;
				CLANG_WARN__DUPLICATE_METHOD_MATCH = YES;
				COPY_PHASE_STRIP = NO;
				DEBUG_INFORMATION_FORMAT = dwarf;
				ENABLE_STRICT_OBJC_MSGSEND = YES;
				ENABLE_TESTABILITY = YES;
				GCC_C_LANGUAGE_STANDARD = gnu11;
				GCC_DYNAMIC_NO_PIC = NO;
				GCC_NO_COMMON_BLOCKS = YES;
				GCC_OPTIMIZATION_LEVEL = 0;
				GCC_PREPROCESSOR_DEFINITIONS = (
					"DEBUG=1",
					"$(inherited)",
				);
				GCC_WARN_64_TO_32_BIT_CONVERSION = YES;
				GCC_WARN_ABOUT_RETURN_TYPE = YES_ERROR;
				GCC_WARN_UNDECLARED_SELECTOR = YES;
				GCC_WARN_UNINITIALIZED_AUTOS = YES_AGGRESSIVE;
				GCC_WARN_UNUSED_FUNCTION = YES;
				GCC_WARN_UNUSED_VARIABLE = YES;
				IPHONEOS_DEPLOYMENT_TARGET = 13.1;
				MTL_ENABLE_DEBUG_INFO = INCLUDE_SOURCE;
				MTL_FAST_MATH = YES;
				ONLY_ACTIVE_ARCH = YES;
				SDKROOT = iphoneos;
				SWIFT_ACTIVE_COMPILATION_CONDITIONS = DEBUG;
				SWIFT_OPTIMIZATION_LEVEL = "-Onone";
			};
			name = Debug;
		};
		9A85E4CA236A772200357D07 /* Release */ = {
			isa = XCBuildConfiguration;
			buildSettings = {
				ALWAYS_SEARCH_USER_PATHS = NO;
				CLANG_ANALYZER_NONNULL = YES;
				CLANG_ANALYZER_NUMBER_OBJECT_CONVERSION = YES_AGGRESSIVE;
				CLANG_CXX_LANGUAGE_STANDARD = "gnu++14";
				CLANG_CXX_LIBRARY = "libc++";
				CLANG_ENABLE_MODULES = YES;
				CLANG_ENABLE_OBJC_ARC = YES;
				CLANG_ENABLE_OBJC_WEAK = YES;
				CLANG_WARN_BLOCK_CAPTURE_AUTORELEASING = YES;
				CLANG_WARN_BOOL_CONVERSION = YES;
				CLANG_WARN_COMMA = YES;
				CLANG_WARN_CONSTANT_CONVERSION = YES;
				CLANG_WARN_DEPRECATED_OBJC_IMPLEMENTATIONS = YES;
				CLANG_WARN_DIRECT_OBJC_ISA_USAGE = YES_ERROR;
				CLANG_WARN_DOCUMENTATION_COMMENTS = YES;
				CLANG_WARN_EMPTY_BODY = YES;
				CLANG_WARN_ENUM_CONVERSION = YES;
				CLANG_WARN_INFINITE_RECURSION = YES;
				CLANG_WARN_INT_CONVERSION = YES;
				CLANG_WARN_NON_LITERAL_NULL_CONVERSION = YES;
				CLANG_WARN_OBJC_IMPLICIT_RETAIN_SELF = YES;
				CLANG_WARN_OBJC_LITERAL_CONVERSION = YES;
				CLANG_WARN_OBJC_ROOT_CLASS = YES_ERROR;
				CLANG_WARN_RANGE_LOOP_ANALYSIS = YES;
				CLANG_WARN_STRICT_PROTOTYPES = YES;
				CLANG_WARN_SUSPICIOUS_MOVE = YES;
				CLANG_WARN_UNGUARDED_AVAILABILITY = YES_AGGRESSIVE;
				CLANG_WARN_UNREACHABLE_CODE = YES;
				CLANG_WARN__DUPLICATE_METHOD_MATCH = YES;
				COPY_PHASE_STRIP = NO;
				DEBUG_INFORMATION_FORMAT = "dwarf-with-dsym";
				ENABLE_NS_ASSERTIONS = NO;
				ENABLE_STRICT_OBJC_MSGSEND = YES;
				GCC_C_LANGUAGE_STANDARD = gnu11;
				GCC_NO_COMMON_BLOCKS = YES;
				GCC_WARN_64_TO_32_BIT_CONVERSION = YES;
				GCC_WARN_ABOUT_RETURN_TYPE = YES_ERROR;
				GCC_WARN_UNDECLARED_SELECTOR = YES;
				GCC_WARN_UNINITIALIZED_AUTOS = YES_AGGRESSIVE;
				GCC_WARN_UNUSED_FUNCTION = YES;
				GCC_WARN_UNUSED_VARIABLE = YES;
				IPHONEOS_DEPLOYMENT_TARGET = 13.1;
				MTL_ENABLE_DEBUG_INFO = NO;
				MTL_FAST_MATH = YES;
				SDKROOT = iphoneos;
				SWIFT_COMPILATION_MODE = wholemodule;
				SWIFT_OPTIMIZATION_LEVEL = "-O";
				VALIDATE_PRODUCT = YES;
			};
			name = Release;
		};
		9A85E4CC236A772200357D07 /* Debug */ = {
			isa = XCBuildConfiguration;
			buildSettings = {
				ASSETCATALOG_COMPILER_APPICON_NAME = AppIcon;
				CODE_SIGN_STYLE = Automatic;
				DEVELOPMENT_TEAM = 3T3T8J4T3X;
				INFOPLIST_FILE = "Conversion Calculator/Info.plist";
				LD_RUNPATH_SEARCH_PATHS = (
					"$(inherited)",
					"@executable_path/Frameworks",
				);
				PRODUCT_BUNDLE_IDENTIFIER = "com.grantharrison.Conversion-Calculator";
				PRODUCT_NAME = "$(TARGET_NAME)";
				SWIFT_VERSION = 5.0;
				TARGETED_DEVICE_FAMILY = "1,2";
			};
			name = Debug;
		};
		9A85E4CD236A772200357D07 /* Release */ = {
			isa = XCBuildConfiguration;
			buildSettings = {
				ASSETCATALOG_COMPILER_APPICON_NAME = AppIcon;
				CODE_SIGN_STYLE = Automatic;
				DEVELOPMENT_TEAM = 3T3T8J4T3X;
				INFOPLIST_FILE = "Conversion Calculator/Info.plist";
				LD_RUNPATH_SEARCH_PATHS = (
					"$(inherited)",
					"@executable_path/Frameworks",
				);
				PRODUCT_BUNDLE_IDENTIFIER = "com.grantharrison.Conversion-Calculator";
				PRODUCT_NAME = "$(TARGET_NAME)";
				SWIFT_VERSION = 5.0;
				TARGETED_DEVICE_FAMILY = "1,2";
			};
			name = Release;
		};
		9A85E4CF236A772200357D07 /* Debug */ = {
			isa = XCBuildConfiguration;
			buildSettings = {
				ALWAYS_EMBED_SWIFT_STANDARD_LIBRARIES = YES;
				CODE_SIGN_STYLE = Automatic;
				DEVELOPMENT_TEAM = 3T3T8J4T3X;
				INFOPLIST_FILE = "Conversion CalculatorUITests/Info.plist";
				LD_RUNPATH_SEARCH_PATHS = (
					"$(inherited)",
					"@executable_path/Frameworks",
					"@loader_path/Frameworks",
				);
				PRODUCT_BUNDLE_IDENTIFIER = "com.grantharrison.Conversion-CalculatorUITests";
				PRODUCT_NAME = "$(TARGET_NAME)";
				SWIFT_VERSION = 5.0;
				TARGETED_DEVICE_FAMILY = "1,2";
				TEST_TARGET_NAME = "Conversion Calculator";
			};
			name = Debug;
		};
		9A85E4D0236A772200357D07 /* Release */ = {
			isa = XCBuildConfiguration;
			buildSettings = {
				ALWAYS_EMBED_SWIFT_STANDARD_LIBRARIES = YES;
				CODE_SIGN_STYLE = Automatic;
				DEVELOPMENT_TEAM = 3T3T8J4T3X;
				INFOPLIST_FILE = "Conversion CalculatorUITests/Info.plist";
				LD_RUNPATH_SEARCH_PATHS = (
					"$(inherited)",
					"@executable_path/Frameworks",
					"@loader_path/Frameworks",
				);
				PRODUCT_BUNDLE_IDENTIFIER = "com.grantharrison.Conversion-CalculatorUITests";
				PRODUCT_NAME = "$(TARGET_NAME)";
				SWIFT_VERSION = 5.0;
				TARGETED_DEVICE_FAMILY = "1,2";
				TEST_TARGET_NAME = "Conversion Calculator";
			};
			name = Release;
		};
/* End XCBuildConfiguration section */

/* Begin XCConfigurationList section */
		9A85E4A4236A771D00357D07 /* Build configuration list for PBXProject "Conversion Calculator" */ = {
			isa = XCConfigurationList;
			buildConfigurations = (
				9A85E4C9236A772200357D07 /* Debug */,
				9A85E4CA236A772200357D07 /* Release */,
			);
			defaultConfigurationIsVisible = 0;
			defaultConfigurationName = Release;
		};
		9A85E4CB236A772200357D07 /* Build configuration list for PBXNativeTarget "Conversion Calculator" */ = {
			isa = XCConfigurationList;
			buildConfigurations = (
				9A85E4CC236A772200357D07 /* Debug */,
				9A85E4CD236A772200357D07 /* Release */,
			);
			defaultConfigurationIsVisible = 0;
			defaultConfigurationName = Release;
		};
		9A85E4CE236A772200357D07 /* Build configuration list for PBXNativeTarget "Conversion CalculatorUITests" */ = {
			isa = XCConfigurationList;
			buildConfigurations = (
				9A85E4CF236A772200357D07 /* Debug */,
				9A85E4D0236A772200357D07 /* Release */,
			);
			defaultConfigurationIsVisible = 0;
			defaultConfigurationName = Release;
		};
/* End XCConfigurationList section */

/* Begin XCVersionGroup section */
		9A85E4B5236A771D00357D07 /* Conversion_Calculator.xcdatamodeld */ = {
			isa = XCVersionGroup;
			children = (
				9A85E4B6236A771D00357D07 /* Conversion_Calculator.xcdatamodel */,
			);
			currentVersion = 9A85E4B6236A771D00357D07 /* Conversion_Calculator.xcdatamodel */;
			path = Conversion_Calculator.xcdatamodeld;
			sourceTree = "<group>";
			versionGroupType = wrapper.xcdatamodel;
		};
/* End XCVersionGroup section */
	};
	rootObject = 9A85E4A1236A771D00357D07 /* Project object */;
}
